
Microsoft Visual Studio Solution File, Format Version 12.00
# Visual Studio Version 16
VisualStudioVersion = 16.0.31205.134
MinimumVisualStudioVersion = 10.0.40219.1
Project("{8BC9CEB8-8B4A-11D0-8D11-00A0C91BC942}") = "机房预约系统", "机房预约系统.vcxproj", "{7235D984-43E3-4CE5-A55E-69DBC6F4F0B1}"
EndProject
Global
	GlobalSection(SolutionConfigurationPlatforms) = preSolution
		Debug|x64 = Debug|x64
		Debug|x86 = Debug|x86
		Release|x64 = Release|x64
		Release|x86 = Release|x86
	EndGlobalSection
	GlobalSection(ProjectConfigurationPlatforms) = postSolution
		{7235D984-43E3-4CE5-A55E-69DBC6F4F0B1}.Debug|x64.ActiveCfg = Debug|x64
		{7235D984-43E3-4CE5-A55E-69DBC6F4F0B1}.Debug|x64.Build.0 = Debug|x64
		{7235D984-43E3-4CE5-A55E-69DBC6F4F0B1}.Debug|x86.ActiveCfg = Debug|Win32
		{7235D984-43E3-4CE5-A55E-69DBC6F4F0B1}.Debug|x86.Build.0 = Debug|Win32
		{7235D984-43E3-4CE5-A55E-69DBC6F4F0B1}.Release|x64.ActiveCfg = Release|x64
		{7235D984-43E3-4CE5-A55E-69DBC6F4F0B1}.Release|x64.Build.0 = Release|x64
		{7235D984-43E3-4CE5-A55E-69DBC6F4F0B1}.Release|x86.ActiveCfg = Release|Win32
		{7235D984-43E3-4CE5-A55E-69DBC6F4F0B1}.Release|x86.Build.0 = Release|Win32
	EndGlobalSection
	GlobalSection(SolutionProperties) = preSolution
		HideSolutionNode = FALSE
	EndGlobalSection
	GlobalSection(ExtensibilityGlobals) = postSolution
		SolutionGuid = {F86767CC-753D-4346-ABC6-92BBF4D51A4F}
	EndGlobalSection
EndGlobal
